{
    "_meta": {
        "hash": {
            "sha256": "23b0f97014c025bf7d11826cf4513fc6a5417b25bd08adb057cf0c96e51c5fa1"
        },
        "pipfile-spec": 6,
        "requires": {
            "python_version": "3.10"
        },
        "sources": [
            {
                "name": "pypi",
                "url": "https://pypi.org/simple",
                "verify_ssl": true
            }
        ]
    },
    "default": {
        "asgiref": {
            "hashes": [
                "sha256:71e68008da809b957b7ee4b43dbccff33d1b23519fb8344e33f049897077afac",
                "sha256:9567dfe7bd8d3c8c892227827c41cce860b368104c3431da67a0c5a65a949506"
            ],
            "markers": "python_version >= '3.7'",
            "version": "==3.6.0"
        },
        "confluent-kafka": {
            "hashes": [
                "sha256:0a39a1a63fcaa4e029e5afb676664b5328b71756d91dc27cfa3f2121b128b95a",
                "sha256:0b72a086dd3f14f4bb8b97b3b7b62325ed2a1389f11d4acbd56b298615133395",
                "sha256:2369a1ee740a0e3d7cd50cb1e7715ad56d7d9b561c5925d9d9abc298df1a1eb2",
                "sha256:23fbaa99cda5ae04ac9249236c581e6b1856624e5abd7ec88d9faf7ec18046fb",
                "sha256:25ff4b322ce62f50402a3120c4b9eb73a093a80d829c3f0b11de12d85262b99b",
                "sha256:3b342ea4226ed105ca8bc035b0877e4dc2f115ffda74e3a350f363683356515b",
                "sha256:470b3618259761616999915029d2cb24066657ecb864b7e1558e59cf2e8f748d",
                "sha256:48f397de635a4c3205846dc8d65c1dda38a821b2db300a2e38739383e44cf931",
                "sha256:4957a099b896b3088f889f4f45b62c86ce8d86e8f2110b67fb967d80ffc01b26",
                "sha256:50c3074df49be6d0e39532c099fd3f2a2f3c71652cb4cc37082e8382d3da2a22",
                "sha256:5c89117d983b13746185713b4f1151e29bb467377b570301c1db5807d2eca567",
                "sha256:608b100f2fcd4f2ede2e7bdf966bcee799218c1d9da5d87e7a1bae21aa0a8e35",
                "sha256:634f1a78a99fa48fe86748b30f5cc96166e0082bbc169697807a448f4e01175c",
                "sha256:66730c4a4faca872e9cff458895c139b956741c9fa9b0a226770eca43b616c9b",
                "sha256:69f2582420b5c010b64812c0ff1f391d32fbca2f5783f00b19e9f296bbf70202",
                "sha256:6e30da9ff531fea072fb984ec54e56e466587e072d1b386f7bc0b8887b0ae1e1",
                "sha256:6fac92f55ed526188bf38ec718251cc4b301c4dd2f97f786f8b08d64e459f10f",
                "sha256:89801e255aad013b5305285811ad32c00010c29ce07e10c10eefee8ddd1dcfe0",
                "sha256:a07c49ac59914a5490f2453491be5d9b36f7b24a26ef1a171eb4d3ff50c9aa1c",
                "sha256:a43e40ccc26be0dbdc2772fa8fd1a8422f830e94ffc468f52888040be1669d32",
                "sha256:b6d3af0cfbd1aa7c57c03ad0e991b18bbb5a1a2067d517214b745dcda53f2f99",
                "sha256:b89f96743829775c89b902b16cdc3189ff3c6a86b27fc713c73523d461c87d7a",
                "sha256:be13fc582129a2944a400dd76d1bf5e1284006cb907f0e0606ba821bc5fe59a8",
                "sha256:bf71b92cb06ca24ef5395f985e6999cfaafa1cc437f4301798706dc88f8c131b",
                "sha256:cb651eb11bfc5fe66a7b1a5b858049c2cbc4320060161e651da9ecfce43f1158",
                "sha256:cca1d06241cf2f9b70beb60302a3f583d1c2d7f7232750091e6d062cef75971a",
                "sha256:d2d66c413ee810abd22253dae770365a89b4a4e9d99645724793c85a0c7e286b",
                "sha256:f2ac3554429be8ea26e16d83a33cd69ad38a3b6b4d5411beb245d928e4562994",
                "sha256:fd026438cc12372836f7b474e070b71af4b1fb5b45636930893c620336c92f89"
            ],
            "index": "pypi",
            "version": "==2.0.2"
        },
        "dj-database-url": {
            "hashes": [
                "sha256:5c2993b91801c0f78a8b19e642b497b90831124cbade0c265900d4c1037b4730",
                "sha256:b23b15046cb38180e0c95207bcc90fe5e9dbde8eef16065907dd85cf4ca7036c"
            ],
            "index": "pypi",
            "version": "==1.2.0"
        },
        "django": {
            "hashes": [
                "sha256:44f714b81c5f190d9d2ddad01a532fe502fa01c4cb8faf1d081f4264ed15dcd8",
                "sha256:f2f431e75adc40039ace496ad3b9f17227022e8b11566f4b363da44c7e44761e"
            ],
            "index": "pypi",
            "version": "==4.1.7"
        },
        "django-cors-headers": {
            "hashes": [
                "sha256:5fbd58a6fb4119d975754b2bc090f35ec160a8373f276612c675b00e8a138739",
                "sha256:684180013cc7277bdd8702b80a3c5a4b3fcae4abb2bf134dceb9f5dfe300228e"
            ],
            "index": "pypi",
            "version": "==3.14.0"
        },
        "django-environ": {
            "hashes": [
                "sha256:510f8c9c1d0a38b0815f91504270c29440a0cf44fab07f55942fa8d31bbb9be6",
                "sha256:b3559a91439c9d774a9e0c1ced872364772c612cdf6dc919506a2b13f7a77225"
            ],
            "index": "pypi",
            "version": "==0.10.0"
        },
        "djangorestframework": {
            "hashes": [
                "sha256:579a333e6256b09489cbe0a067e66abe55c6595d8926be6b99423786334350c8",
                "sha256:eb63f58c9f218e1a7d064d17a70751f528ed4e1d35547fdade9aaf4cd103fd08"
            ],
            "index": "pypi",
            "version": "==3.14.0"
        },
        "pytz": {
            "hashes": [
                "sha256:01a0681c4b9684a28304615eba55d1ab31ae00bf68ec157ec3708a8182dbbcd0",
                "sha256:78f4f37d8198e0627c5f1143240bb0206b8691d8d7ac6d78fee88b78733f8c4a"
            ],
            "version": "==2022.7.1"
        },
        "sqlparse": {
            "hashes": [
                "sha256:0323c0ec29cd52bceabc1b4d9d579e311f3e4961b98d174201d5622a23b85e34",
                "sha256:69ca804846bb114d2ec380e4360a8a340db83f0ccf3afceeb1404df028f57268"
            ],
            "markers": "python_version >= '3.5'",
            "version": "==0.4.3"
        }
    },
    "develop": {
        "autopep8": {
            "hashes": [
                "sha256:86e9303b5e5c8160872b2f5ef611161b2893e9bfe8ccc7e2f76385947d57a2f1",
                "sha256:f9849cdd62108cb739dbcdbfb7fdcc9a30d1b63c4cc3e1c1f893b5360941b61c"
            ],
            "index": "pypi",
            "version": "==2.0.2"
        },
        "pycodestyle": {
            "hashes": [
                "sha256:347187bdb476329d98f695c213d7295a846d1152ff4fe9bacb8a9590b8ee7053",
                "sha256:8a4eaf0d0495c7395bdab3589ac2db602797d76207242c17d470186815706610"
            ],
            "markers": "python_version >= '3.6'",
            "version": "==2.10.0"
        },
        "tomli": {
            "hashes": [
                "sha256:939de3e7a6161af0c887ef91b7d41a53e7c5a1ca976325f429cb46ea9bc30ecc",
                "sha256:de526c12914f0c550d15924c62d72abc48d6fe7364aa87328337a31007fe8a4f"
            ],
            "markers": "python_version < '3.11'",
            "version": "==2.0.1"
        }
    }
}
